# THIS IS AN AUTOGENERATED FILE. DO NOT EDIT THIS FILE DIRECTLY.
# yarn lockfile v1


commander@~2.20.3:
  version "2.20.3"
  resolved "https://registry.yarnpkg.com/commander/-/commander-2.20.3.tgz#fd485e84c03eb4881c20722ba48035e8531aeb33"

source-map@~0.6.1:
  version "0.6.1"
  resolved "https://registry.yarnpkg.com/source-map/-/source-map-0.6.1.tgz#74722af32e9614e9c287a8d0bbde48b5e2f1a263"

uglify-js@3.7.3:
  version "3.7.3"
  resolved "https://registry.yarnpkg.com/uglify-js/-/uglify-js-3.7.3.tgz#f918fce9182f466d5140f24bb0ff35c2d32dcc6a"
  dependencies:
    commander "~2.20.3"
    source-map "~0.6.1"
