# THIS IS AN AUTOGENERATED FILE. DO NOT EDIT THIS FILE DIRECTLY.
# yarn lockfile v1


uglify-js@3.16.3:
  version "3.16.3"
  resolved "https://registry.yarnpkg.com/uglify-js/-/uglify-js-3.16.3.tgz#94c7a63337ee31227a18d03b8a3041c210fd1f1d"
  integrity sha512-uVbFqx9vvLhQg0iBaau9Z75AxWJ8tqM9AV890dIZCLApF4rTcyHwmAvLeEdYRs+BzYWu8Iw81F79ah0EfTXbaw==
