# THIS IS AN AUTOGENERATED FILE. DO NOT EDIT THIS FILE DIRECTLY.
# yarn lockfile v1


uglify-js@3.11.3:
  version "3.11.3"
  resolved "https://registry.yarnpkg.com/uglify-js/-/uglify-js-3.11.3.tgz#b2f8c87826344f091ba48c417c499d6cba5d5786"
  integrity sha512-wDRziHG94mNj2n3R864CvYw/+pc9y/RNImiTyrrf8BzgWn75JgFSwYvXrtZQMnMnOp/4UTrf3iCSQxSStPiByA==
